
Microsoft Visual Studio Solution File, Format Version 12.00
# Visual Studio 2013
VisualStudioVersion = 12.0.40629.0
MinimumVisualStudioVersion = 10.0.40219.1
Project("{FAE04EC0-301F-11D3-BF4B-00C04F79EFBC}") = "Trustsoft.Conditions.NET35", "Trustsoft.Conditions.NET35\Trustsoft.Conditions.NET35.csproj", "{08936268-AEE2-4FE7-B880-CEBA234F7C3E}"
EndProject
Project("{FAE04EC0-301F-11D3-BF4B-00C04F79EFBC}") = "Trustsoft.Conditions.NET40", "Trustsoft.Conditions.NET40\Trustsoft.Conditions.NET40.csproj", "{88D4FDE9-8595-4092-8BC6-F8A4F83E0858}"
EndProject
Project("{FAE04EC0-301F-11D3-BF4B-00C04F79EFBC}") = "Trustsoft.Conditions.NET45", "Trustsoft.Conditions.NET45\Trustsoft.Conditions.NET45.csproj", "{24CAAF2A-5E04-4AB0-AEFA-60FF55E8805D}"
EndProject
Project("{2150E333-8FDC-42A3-9474-1A3956D46DE8}") = "Shared", "Shared", "{97EAB9A1-B116-4123-BA0F-05D0F623D381}"
	ProjectSection(SolutionItems) = preProject
		.package\.nuspec = .package\.nuspec
		Shared\CommonAssemblyInfo.cs = Shared\CommonAssemblyInfo.cs
		Shared\Trustsoft.snk = Shared\Trustsoft.snk
	EndProjectSection
EndProject
Project("{2150E333-8FDC-42A3-9474-1A3956D46DE8}") = "Tests", "Tests", "{DD0CA60C-7F3B-445E-8BE3-72957AC102B6}"
EndProject
Project("{FAE04EC0-301F-11D3-BF4B-00C04F79EFBC}") = "Trustsoft.Conditions.UnitTests.NET35", "Tests\Trustsoft.Conditions.UnitTests.NET35\Trustsoft.Conditions.UnitTests.NET35.csproj", "{919FAF53-B9E0-4265-95F0-B72A9311E124}"
EndProject
Project("{FAE04EC0-301F-11D3-BF4B-00C04F79EFBC}") = "Trustsoft.Conditions.UnitTests.NET45", "Tests\Trustsoft.Conditions.UnitTests.NET45\Trustsoft.Conditions.UnitTests.NET45.csproj", "{1EE8ABBD-1E5D-4F4C-85FA-EF9BA7961600}"
EndProject
Project("{FAE04EC0-301F-11D3-BF4B-00C04F79EFBC}") = "Trustsoft.Conditions.UnitTests.NET40", "Tests\Trustsoft.Conditions.UnitTests.NET40\Trustsoft.Conditions.UnitTests.NET40.csproj", "{672972D9-EB23-413D-BE77-496123DA1FAF}"
EndProject
Project("{2150E333-8FDC-42A3-9474-1A3956D46DE8}") = "Docs", "Docs", "{CFEDEAD7-1C5E-475F-B65F-3A3E64191835}"
	ProjectSection(SolutionItems) = preProject
		README.md = README.md
	EndProjectSection
EndProject
Project("{FAE04EC0-301F-11D3-BF4B-00C04F79EFBC}") = "Trustsoft.Conditions.NET46", "Trustsoft.Conditions.NET46\Trustsoft.Conditions.NET46.csproj", "{58A3409B-1218-4328-843C-90EDE7B9C328}"
EndProject
Project("{FAE04EC0-301F-11D3-BF4B-00C04F79EFBC}") = "Trustsoft.Conditions.UnitTests.NET46", "Tests\Trustsoft.Conditions.UnitTests.NET46\Trustsoft.Conditions.UnitTests.NET46.csproj", "{6156CE2B-9B3B-4DD8-B59E-BF974576B744}"
EndProject
Global
	GlobalSection(SolutionConfigurationPlatforms) = preSolution
		Debug|Any CPU = Debug|Any CPU
		Release|Any CPU = Release|Any CPU
	EndGlobalSection
	GlobalSection(ProjectConfigurationPlatforms) = postSolution
		{08936268-AEE2-4FE7-B880-CEBA234F7C3E}.Debug|Any CPU.ActiveCfg = Debug|Any CPU
		{08936268-AEE2-4FE7-B880-CEBA234F7C3E}.Debug|Any CPU.Build.0 = Debug|Any CPU
		{08936268-AEE2-4FE7-B880-CEBA234F7C3E}.Release|Any CPU.ActiveCfg = Release|Any CPU
		{08936268-AEE2-4FE7-B880-CEBA234F7C3E}.Release|Any CPU.Build.0 = Release|Any CPU
		{88D4FDE9-8595-4092-8BC6-F8A4F83E0858}.Debug|Any CPU.ActiveCfg = Debug|Any CPU
		{88D4FDE9-8595-4092-8BC6-F8A4F83E0858}.Debug|Any CPU.Build.0 = Debug|Any CPU
		{88D4FDE9-8595-4092-8BC6-F8A4F83E0858}.Release|Any CPU.ActiveCfg = Release|Any CPU
		{88D4FDE9-8595-4092-8BC6-F8A4F83E0858}.Release|Any CPU.Build.0 = Release|Any CPU
		{24CAAF2A-5E04-4AB0-AEFA-60FF55E8805D}.Debug|Any CPU.ActiveCfg = Debug|Any CPU
		{24CAAF2A-5E04-4AB0-AEFA-60FF55E8805D}.Debug|Any CPU.Build.0 = Debug|Any CPU
		{24CAAF2A-5E04-4AB0-AEFA-60FF55E8805D}.Release|Any CPU.ActiveCfg = Release|Any CPU
		{24CAAF2A-5E04-4AB0-AEFA-60FF55E8805D}.Release|Any CPU.Build.0 = Release|Any CPU
		{919FAF53-B9E0-4265-95F0-B72A9311E124}.Debug|Any CPU.ActiveCfg = Debug|Any CPU
		{919FAF53-B9E0-4265-95F0-B72A9311E124}.Debug|Any CPU.Build.0 = Debug|Any CPU
		{919FAF53-B9E0-4265-95F0-B72A9311E124}.Release|Any CPU.ActiveCfg = Release|Any CPU
		{919FAF53-B9E0-4265-95F0-B72A9311E124}.Release|Any CPU.Build.0 = Release|Any CPU
		{1EE8ABBD-1E5D-4F4C-85FA-EF9BA7961600}.Debug|Any CPU.ActiveCfg = Debug|Any CPU
		{1EE8ABBD-1E5D-4F4C-85FA-EF9BA7961600}.Debug|Any CPU.Build.0 = Debug|Any CPU
		{1EE8ABBD-1E5D-4F4C-85FA-EF9BA7961600}.Release|Any CPU.ActiveCfg = Release|Any CPU
		{1EE8ABBD-1E5D-4F4C-85FA-EF9BA7961600}.Release|Any CPU.Build.0 = Release|Any CPU
		{672972D9-EB23-413D-BE77-496123DA1FAF}.Debug|Any CPU.ActiveCfg = Debug|Any CPU
		{672972D9-EB23-413D-BE77-496123DA1FAF}.Debug|Any CPU.Build.0 = Debug|Any CPU
		{672972D9-EB23-413D-BE77-496123DA1FAF}.Release|Any CPU.ActiveCfg = Release|Any CPU
		{672972D9-EB23-413D-BE77-496123DA1FAF}.Release|Any CPU.Build.0 = Release|Any CPU
		{58A3409B-1218-4328-843C-90EDE7B9C328}.Debug|Any CPU.ActiveCfg = Debug|Any CPU
		{58A3409B-1218-4328-843C-90EDE7B9C328}.Debug|Any CPU.Build.0 = Debug|Any CPU
		{58A3409B-1218-4328-843C-90EDE7B9C328}.Release|Any CPU.ActiveCfg = Release|Any CPU
		{58A3409B-1218-4328-843C-90EDE7B9C328}.Release|Any CPU.Build.0 = Release|Any CPU
		{6156CE2B-9B3B-4DD8-B59E-BF974576B744}.Debug|Any CPU.ActiveCfg = Debug|Any CPU
		{6156CE2B-9B3B-4DD8-B59E-BF974576B744}.Debug|Any CPU.Build.0 = Debug|Any CPU
		{6156CE2B-9B3B-4DD8-B59E-BF974576B744}.Release|Any CPU.ActiveCfg = Release|Any CPU
		{6156CE2B-9B3B-4DD8-B59E-BF974576B744}.Release|Any CPU.Build.0 = Release|Any CPU
	EndGlobalSection
	GlobalSection(SolutionProperties) = preSolution
		HideSolutionNode = FALSE
	EndGlobalSection
	GlobalSection(NestedProjects) = preSolution
		{919FAF53-B9E0-4265-95F0-B72A9311E124} = {DD0CA60C-7F3B-445E-8BE3-72957AC102B6}
		{1EE8ABBD-1E5D-4F4C-85FA-EF9BA7961600} = {DD0CA60C-7F3B-445E-8BE3-72957AC102B6}
		{672972D9-EB23-413D-BE77-496123DA1FAF} = {DD0CA60C-7F3B-445E-8BE3-72957AC102B6}
		{6156CE2B-9B3B-4DD8-B59E-BF974576B744} = {DD0CA60C-7F3B-445E-8BE3-72957AC102B6}
	EndGlobalSection
EndGlobal
