
Microsoft Visual Studio Solution File, Format Version 12.00
# Visual Studio Version 17
VisualStudioVersion = 17.12.35527.113
MinimumVisualStudioVersion = 10.0.40219.1
Project("{FAE04EC0-301F-11D3-BF4B-00C04F79EFBC}") = "Trustsoft.Conditions", "Trustsoft.Conditions\Trustsoft.Conditions.csproj", "{08936268-AEE2-4FE7-B880-CEBA234F7C3E}"
EndProject
Project("{2150E333-8FDC-42A3-9474-1A3956D46DE8}") = "Tests", "Tests", "{DD0CA60C-7F3B-445E-8BE3-72957AC102B6}"
EndProject
Project("{FAE04EC0-301F-11D3-BF4B-00C04F79EFBC}") = "Trustsoft.Conditions.Tests", "..\Tests\Trustsoft.Conditions.Tests\Trustsoft.Conditions.Tests.csproj", "{919FAF53-B9E0-4265-95F0-B72A9311E124}"
EndProject
Project("{FAE04EC0-301F-11D3-BF4B-00C04F79EFBC}") = "Trustsoft.Conditions.Tests.Sdk", "..\tests\Trustsoft.Conditions.Tests.Sdk\Trustsoft.Conditions.Tests.Sdk.csproj", "{18E5EF71-4990-4E94-9078-4F81A3092AEE}"
EndProject
Project("{2150E333-8FDC-42A3-9474-1A3956D46DE8}") = "Samples", "Samples", "{E859FBE1-F576-462D-BAD6-8687A1D76FEA}"
EndProject
Project("{FAE04EC0-301F-11D3-BF4B-00C04F79EFBC}") = "UsageSample.ConsoleApp", "..\samples\UsageSample.ConsoleApp\UsageSample.ConsoleApp.csproj", "{0BEB8313-925C-495E-9D4D-AAF16BE944C2}"
EndProject
Global
	GlobalSection(SolutionConfigurationPlatforms) = preSolution
		Debug|Any CPU = Debug|Any CPU
		Release|Any CPU = Release|Any CPU
	EndGlobalSection
	GlobalSection(ProjectConfigurationPlatforms) = postSolution
		{08936268-AEE2-4FE7-B880-CEBA234F7C3E}.Debug|Any CPU.ActiveCfg = Debug|Any CPU
		{08936268-AEE2-4FE7-B880-CEBA234F7C3E}.Debug|Any CPU.Build.0 = Debug|Any CPU
		{08936268-AEE2-4FE7-B880-CEBA234F7C3E}.Release|Any CPU.ActiveCfg = Release|Any CPU
		{08936268-AEE2-4FE7-B880-CEBA234F7C3E}.Release|Any CPU.Build.0 = Release|Any CPU
		{919FAF53-B9E0-4265-95F0-B72A9311E124}.Debug|Any CPU.ActiveCfg = Debug|Any CPU
		{919FAF53-B9E0-4265-95F0-B72A9311E124}.Debug|Any CPU.Build.0 = Debug|Any CPU
		{919FAF53-B9E0-4265-95F0-B72A9311E124}.Release|Any CPU.ActiveCfg = Release|Any CPU
		{919FAF53-B9E0-4265-95F0-B72A9311E124}.Release|Any CPU.Build.0 = Release|Any CPU
		{0BEB8313-925C-495E-9D4D-AAF16BE944C2}.Debug|Any CPU.ActiveCfg = Debug|Any CPU
		{0BEB8313-925C-495E-9D4D-AAF16BE944C2}.Debug|Any CPU.Build.0 = Debug|Any CPU
		{0BEB8313-925C-495E-9D4D-AAF16BE944C2}.Release|Any CPU.ActiveCfg = Release|Any CPU
		{0BEB8313-925C-495E-9D4D-AAF16BE944C2}.Release|Any CPU.Build.0 = Release|Any CPU
		{18E5EF71-4990-4E94-9078-4F81A3092AEE}.Debug|Any CPU.ActiveCfg = Debug|Any CPU
		{18E5EF71-4990-4E94-9078-4F81A3092AEE}.Debug|Any CPU.Build.0 = Debug|Any CPU
		{18E5EF71-4990-4E94-9078-4F81A3092AEE}.Release|Any CPU.ActiveCfg = Release|Any CPU
		{18E5EF71-4990-4E94-9078-4F81A3092AEE}.Release|Any CPU.Build.0 = Release|Any CPU
	EndGlobalSection
	GlobalSection(SolutionProperties) = preSolution
		HideSolutionNode = FALSE
	EndGlobalSection
	GlobalSection(NestedProjects) = preSolution
		{919FAF53-B9E0-4265-95F0-B72A9311E124} = {DD0CA60C-7F3B-445E-8BE3-72957AC102B6}
		{0BEB8313-925C-495E-9D4D-AAF16BE944C2} = {E859FBE1-F576-462D-BAD6-8687A1D76FEA}
		{18E5EF71-4990-4E94-9078-4F81A3092AEE} = {DD0CA60C-7F3B-445E-8BE3-72957AC102B6}
	EndGlobalSection
EndGlobal
